# This file is automatically @generated by Cargo.
# It is not intended for manual editing.
version = 3

[[package]]
name = "alma-application"
version = "0.1.0"

[[package]]
name = "alma-asset-manager"
version = "0.1.0"

[[package]]
name = "alma-authentication-manager"
version = "0.1.0"

[[package]]
name = "alma-crypto"
version = "0.1.0"

[[package]]
name = "alma-database"
version = "0.1.0"

[[package]]
name = "alma-file-manager"
version = "0.1.0"

[[package]]
name = "alma-hash-tree"
version = "0.1.0"

[[package]]
name = "alma-id-manager"
version = "0.1.0"

[[package]]
name = "alma-instance-manager"
version = "0.1.0"

[[package]]
name = "alma-key-manager"
version = "0.1.0"

[[package]]
name = "alma-mpc-manager"
version = "0.1.0"

[[package]]
name = "alma-region-manager"
version = "0.1.0"

[[package]]
name = "alma-schema-provider"
version = "0.1.0"

[[package]]
name = "alma-synchronizer"
version = "0.1.0"
